
Microsoft Visual Studio Solution File, Format Version 12.00
# Visual Studio Version 17
VisualStudioVersion = 17.8.34316.72
MinimumVisualStudioVersion = 10.0.40219.1
Project("{FAE04EC0-301F-11D3-BF4B-00C04F79EFBC}") = "ZwiftPlayConsoleApp", "ZwiftPlayConsoleApp.csproj", "{D7C468F9-F7CC-4694-BF3D-57B1CC4B62BC}"
EndProject
Global
	GlobalSection(SolutionConfigurationPlatforms) = preSolution
		Debug|Any CPU = Debug|Any CPU
		Release|Any CPU = Release|Any CPU
	EndGlobalSection
	GlobalSection(ProjectConfigurationPlatforms) = postSolution
		{D7C468F9-F7CC-4694-BF3D-57B1CC4B62BC}.Debug|Any CPU.ActiveCfg = Debug|Any CPU
		{D7C468F9-F7CC-4694-BF3D-57B1CC4B62BC}.Debug|Any CPU.Build.0 = Debug|Any CPU
		{D7C468F9-F7CC-4694-BF3D-57B1CC4B62BC}.Release|Any CPU.ActiveCfg = Release|Any CPU
		{D7C468F9-F7CC-4694-BF3D-57B1CC4B62BC}.Release|Any CPU.Build.0 = Release|Any CPU
	EndGlobalSection
	GlobalSection(SolutionProperties) = preSolution
		HideSolutionNode = FALSE
	EndGlobalSection
	GlobalSection(ExtensibilityGlobals) = postSolution
		SolutionGuid = {60E279C6-22F1-45B4-82EF-24196DD019BE}
	EndGlobalSection
EndGlobal
